// !$*UTF8*$!
{
	archiveVersion = 1;
	classes = {
	};
	objectVersion = 56;
	objects = {

/* Begin PBXBuildFile section */
		25664BB32989966600D49135 /* AppDelegate.swift in Sources */ = {isa = PBXBuildFile; fileRef = 25664BB22989966600D49135 /* AppDelegate.swift */; };
		25664BB52989966600D49135 /* SceneDelegate.swift in Sources */ = {isa = PBXBuildFile; fileRef = 25664BB42989966600D49135 /* SceneDelegate.swift */; };
		25664BB72989966600D49135 /* HomeController.swift in Sources */ = {isa = PBXBuildFile; fileRef = 25664BB62989966600D49135 /* HomeController.swift */; };
		25664BBC2989966700D49135 /* Assets.xcassets in Resources */ = {isa = PBXBuildFile; fileRef = 25664BBB2989966700D49135 /* Assets.xcassets */; };
		25664BBF2989966700D49135 /* LaunchScreen.storyboard in Resources */ = {isa = PBXBuildFile; fileRef = 25664BBD2989966700D49135 /* LaunchScreen.storyboard */; };
		25664BCD2989983600D49135 /* Extensions.swift in Sources */ = {isa = PBXBuildFile; fileRef = 25664BCC2989983600D49135 /* Extensions.swift */; };
		25664BCF298998B400D49135 /* HomeNavigationStackView.swift in Sources */ = {isa = PBXBuildFile; fileRef = 25664BCE298998B400D49135 /* HomeNavigationStackView.swift */; };
		25664BD129899FD300D49135 /* BottomControlsStackView.swift in Sources */ = {isa = PBXBuildFile; fileRef = 25664BD029899FD300D49135 /* BottomControlsStackView.swift */; };
		25774D2E2989A72600A7EC13 /* CardView.swift in Sources */ = {isa = PBXBuildFile; fileRef = 25774D2D2989A72600A7EC13 /* CardView.swift */; };
		25774D302989CE3600A7EC13 /* SwipeDirection.swift in Sources */ = {isa = PBXBuildFile; fileRef = 25774D2F2989CE3600A7EC13 /* SwipeDirection.swift */; };
		25774D322989D20900A7EC13 /* User.swift in Sources */ = {isa = PBXBuildFile; fileRef = 25774D312989D20900A7EC13 /* User.swift */; };
		25774D342989D31200A7EC13 /* CardViewModel.swift in Sources */ = {isa = PBXBuildFile; fileRef = 25774D332989D31200A7EC13 /* CardViewModel.swift */; };
		25774D37298B050500A7EC13 /* LoginController.swift in Sources */ = {isa = PBXBuildFile; fileRef = 25774D36298B050500A7EC13 /* LoginController.swift */; };
		25774D39298B050E00A7EC13 /* RegistrationController.swift in Sources */ = {isa = PBXBuildFile; fileRef = 25774D38298B050E00A7EC13 /* RegistrationController.swift */; };
		25774DD9299052D200A7EC13 /* AuthenticationViewModel.swift in Sources */ = {isa = PBXBuildFile; fileRef = 25774DD8299052D200A7EC13 /* AuthenticationViewModel.swift */; };
		25774DDB29906B6900A7EC13 /* GoogleService-Info.plist in Resources */ = {isa = PBXBuildFile; fileRef = 25774DDA29906B6900A7EC13 /* GoogleService-Info.plist */; };
		25774DDE29906BE300A7EC13 /* FirebaseAuth in Frameworks */ = {isa = PBXBuildFile; productRef = 25774DDD29906BE300A7EC13 /* FirebaseAuth */; };
		25774DE029906BE300A7EC13 /* FirebaseFirestore in Frameworks */ = {isa = PBXBuildFile; productRef = 25774DDF29906BE300A7EC13 /* FirebaseFirestore */; };
		25774DE229906BE300A7EC13 /* FirebaseMessaging in Frameworks */ = {isa = PBXBuildFile; productRef = 25774DE129906BE300A7EC13 /* FirebaseMessaging */; };
		25774DE429906BE300A7EC13 /* FirebaseStorage in Frameworks */ = {isa = PBXBuildFile; productRef = 25774DE329906BE300A7EC13 /* FirebaseStorage */; };
		25774DE729906CEE00A7EC13 /* JGProgressHUD in Frameworks */ = {isa = PBXBuildFile; productRef = 25774DE629906CEE00A7EC13 /* JGProgressHUD */; };
		25774DE92991851D00A7EC13 /* AuthService.swift in Sources */ = {isa = PBXBuildFile; fileRef = 25774DE82991851D00A7EC13 /* AuthService.swift */; };
		25774DEB2991852600A7EC13 /* Service.swift in Sources */ = {isa = PBXBuildFile; fileRef = 25774DEA2991852600A7EC13 /* Service.swift */; };
		25774DED2992DC2E00A7EC13 /* Constants.swift in Sources */ = {isa = PBXBuildFile; fileRef = 25774DEC2992DC2E00A7EC13 /* Constants.swift */; };
		25774DEF2992FF3200A7EC13 /* SettingsController.swift in Sources */ = {isa = PBXBuildFile; fileRef = 25774DEE2992FF3200A7EC13 /* SettingsController.swift */; };
		25774DF12992FFD100A7EC13 /* MessagesController.swift in Sources */ = {isa = PBXBuildFile; fileRef = 25774DF02992FFD100A7EC13 /* MessagesController.swift */; };
/* End PBXBuildFile section */

/* Begin PBXFileReference section */
		25664BAF2989966600D49135 /* Tinder Clone.app */ = {isa = PBXFileReference; explicitFileType = wrapper.application; includeInIndex = 0; path = "Tinder Clone.app"; sourceTree = BUILT_PRODUCTS_DIR; };
		25664BB22989966600D49135 /* AppDelegate.swift */ = {isa = PBXFileReference; lastKnownFileType = sourcecode.swift; path = AppDelegate.swift; sourceTree = "<group>"; };
		25664BB42989966600D49135 /* SceneDelegate.swift */ = {isa = PBXFileReference; lastKnownFileType = sourcecode.swift; path = SceneDelegate.swift; sourceTree = "<group>"; };
		25664BB62989966600D49135 /* HomeController.swift */ = {isa = PBXFileReference; lastKnownFileType = sourcecode.swift; path = HomeController.swift; sourceTree = "<group>"; };
		25664BBB2989966700D49135 /* Assets.xcassets */ = {isa = PBXFileReference; lastKnownFileType = folder.assetcatalog; path = Assets.xcassets; sourceTree = "<group>"; };
		25664BBE2989966700D49135 /* Base */ = {isa = PBXFileReference; lastKnownFileType = file.storyboard; name = Base; path = Base.lproj/LaunchScreen.storyboard; sourceTree = "<group>"; };
		25664BC02989966700D49135 /* Info.plist */ = {isa = PBXFileReference; lastKnownFileType = text.plist.xml; path = Info.plist; sourceTree = "<group>"; };
		25664BCC2989983600D49135 /* Extensions.swift */ = {isa = PBXFileReference; lastKnownFileType = sourcecode.swift; path = Extensions.swift; sourceTree = "<group>"; };
		25664BCE298998B400D49135 /* HomeNavigationStackView.swift */ = {isa = PBXFileReference; lastKnownFileType = sourcecode.swift; path = HomeNavigationStackView.swift; sourceTree = "<group>"; };
		25664BD029899FD300D49135 /* BottomControlsStackView.swift */ = {isa = PBXFileReference; lastKnownFileType = sourcecode.swift; path = BottomControlsStackView.swift; sourceTree = "<group>"; };
		25774D2D2989A72600A7EC13 /* CardView.swift */ = {isa = PBXFileReference; lastKnownFileType = sourcecode.swift; path = CardView.swift; sourceTree = "<group>"; };
		25774D2F2989CE3600A7EC13 /* SwipeDirection.swift */ = {isa = PBXFileReference; lastKnownFileType = sourcecode.swift; path = SwipeDirection.swift; sourceTree = "<group>"; };
		25774D312989D20900A7EC13 /* User.swift */ = {isa = PBXFileReference; lastKnownFileType = sourcecode.swift; path = User.swift; sourceTree = "<group>"; };
		25774D332989D31200A7EC13 /* CardViewModel.swift */ = {isa = PBXFileReference; lastKnownFileType = sourcecode.swift; path = CardViewModel.swift; sourceTree = "<group>"; };
		25774D36298B050500A7EC13 /* LoginController.swift */ = {isa = PBXFileReference; lastKnownFileType = sourcecode.swift; path = LoginController.swift; sourceTree = "<group>"; };
		25774D38298B050E00A7EC13 /* RegistrationController.swift */ = {isa = PBXFileReference; lastKnownFileType = sourcecode.swift; path = RegistrationController.swift; sourceTree = "<group>"; };
		25774DD8299052D200A7EC13 /* AuthenticationViewModel.swift */ = {isa = PBXFileReference; lastKnownFileType = sourcecode.swift; path = AuthenticationViewModel.swift; sourceTree = "<group>"; };
		25774DDA29906B6900A7EC13 /* GoogleService-Info.plist */ = {isa = PBXFileReference; fileEncoding = 4; lastKnownFileType = text.plist.xml; path = "GoogleService-Info.plist"; sourceTree = "<group>"; };
		25774DE82991851D00A7EC13 /* AuthService.swift */ = {isa = PBXFileReference; lastKnownFileType = sourcecode.swift; path = AuthService.swift; sourceTree = "<group>"; };
		25774DEA2991852600A7EC13 /* Service.swift */ = {isa = PBXFileReference; lastKnownFileType = sourcecode.swift; path = Service.swift; sourceTree = "<group>"; };
		25774DEC2992DC2E00A7EC13 /* Constants.swift */ = {isa = PBXFileReference; lastKnownFileType = sourcecode.swift; path = Constants.swift; sourceTree = "<group>"; };
		25774DEE2992FF3200A7EC13 /* SettingsController.swift */ = {isa = PBXFileReference; lastKnownFileType = sourcecode.swift; path = SettingsController.swift; sourceTree = "<group>"; };
		25774DF02992FFD100A7EC13 /* MessagesController.swift */ = {isa = PBXFileReference; lastKnownFileType = sourcecode.swift; path = MessagesController.swift; sourceTree = "<group>"; };
/* End PBXFileReference section */

/* Begin PBXFrameworksBuildPhase section */
		25664BAC2989966600D49135 /* Frameworks */ = {
			isa = PBXFrameworksBuildPhase;
			buildActionMask = 2147483647;
			files = (
				25774DE229906BE300A7EC13 /* FirebaseMessaging in Frameworks */,
				25774DE429906BE300A7EC13 /* FirebaseStorage in Frameworks */,
				25774DDE29906BE300A7EC13 /* FirebaseAuth in Frameworks */,
				25774DE029906BE300A7EC13 /* FirebaseFirestore in Frameworks */,
				25774DE729906CEE00A7EC13 /* JGProgressHUD in Frameworks */,
			);
			runOnlyForDeploymentPostprocessing = 0;
		};
/* End PBXFrameworksBuildPhase section */

/* Begin PBXGroup section */
		25664BA62989966600D49135 = {
			isa = PBXGroup;
			children = (
				25664BB12989966600D49135 /* Tinder Clone */,
				25664BB02989966600D49135 /* Products */,
			);
			sourceTree = "<group>";
		};
		25664BB02989966600D49135 /* Products */ = {
			isa = PBXGroup;
			children = (
				25664BAF2989966600D49135 /* Tinder Clone.app */,
			);
			name = Products;
			sourceTree = "<group>";
		};
		25664BB12989966600D49135 /* Tinder Clone */ = {
			isa = PBXGroup;
			children = (
				25664BCB2989970000D49135 /* Model */,
				25664BCA298996FE00D49135 /* View */,
				25664BC9298996FB00D49135 /* ViewModel */,
				25664BC8298996F800D49135 /* Controller */,
				25664BC7298996F500D49135 /* API */,
				25664BC6298996E400D49135 /* Utils */,
				25664BB22989966600D49135 /* AppDelegate.swift */,
				25664BB42989966600D49135 /* SceneDelegate.swift */,
				25664BBB2989966700D49135 /* Assets.xcassets */,
				25664BBD2989966700D49135 /* LaunchScreen.storyboard */,
				25664BC02989966700D49135 /* Info.plist */,
				25774DDA29906B6900A7EC13 /* GoogleService-Info.plist */,
			);
			path = "Tinder Clone";
			sourceTree = "<group>";
		};
		25664BC6298996E400D49135 /* Utils */ = {
			isa = PBXGroup;
			children = (
				25664BCC2989983600D49135 /* Extensions.swift */,
				25774DEC2992DC2E00A7EC13 /* Constants.swift */,
			);
			path = Utils;
			sourceTree = "<group>";
		};
		25664BC7298996F500D49135 /* API */ = {
			isa = PBXGroup;
			children = (
				25774DE82991851D00A7EC13 /* AuthService.swift */,
				25774DEA2991852600A7EC13 /* Service.swift */,
			);
			path = API;
			sourceTree = "<group>";
		};
		25664BC8298996F800D49135 /* Controller */ = {
			isa = PBXGroup;
			children = (
				25774D35298B04F300A7EC13 /* Authentication */,
				25664BB62989966600D49135 /* HomeController.swift */,
				25774DEE2992FF3200A7EC13 /* SettingsController.swift */,
				25774DF02992FFD100A7EC13 /* MessagesController.swift */,
			);
			path = Controller;
			sourceTree = "<group>";
		};
		25664BC9298996FB00D49135 /* ViewModel */ = {
			isa = PBXGroup;
			children = (
				25774D332989D31200A7EC13 /* CardViewModel.swift */,
				25774DD8299052D200A7EC13 /* AuthenticationViewModel.swift */,
			);
			path = ViewModel;
			sourceTree = "<group>";
		};
		25664BCA298996FE00D49135 /* View */ = {
			isa = PBXGroup;
			children = (
				25664BCE298998B400D49135 /* HomeNavigationStackView.swift */,
				25664BD029899FD300D49135 /* BottomControlsStackView.swift */,
				25774D2D2989A72600A7EC13 /* CardView.swift */,
			);
			path = View;
			sourceTree = "<group>";
		};
		25664BCB2989970000D49135 /* Model */ = {
			isa = PBXGroup;
			children = (
				25774D2F2989CE3600A7EC13 /* SwipeDirection.swift */,
				25774D312989D20900A7EC13 /* User.swift */,
			);
			path = Model;
			sourceTree = "<group>";
		};
		25774D35298B04F300A7EC13 /* Authentication */ = {
			isa = PBXGroup;
			children = (
				25774D36298B050500A7EC13 /* LoginController.swift */,
				25774D38298B050E00A7EC13 /* RegistrationController.swift */,
			);
			path = Authentication;
			sourceTree = "<group>";
		};
/* End PBXGroup section */

/* Begin PBXNativeTarget section */
		25664BAE2989966600D49135 /* Tinder Clone */ = {
			isa = PBXNativeTarget;
			buildConfigurationList = 25664BC32989966700D49135 /* Build configuration list for PBXNativeTarget "Tinder Clone" */;
			buildPhases = (
				25664BAB2989966600D49135 /* Sources */,
				25664BAC2989966600D49135 /* Frameworks */,
				25664BAD2989966600D49135 /* Resources */,
			);
			buildRules = (
			);
			dependencies = (
			);
			name = "Tinder Clone";
			packageProductDependencies = (
				25774DDD29906BE300A7EC13 /* FirebaseAuth */,
				25774DDF29906BE300A7EC13 /* FirebaseFirestore */,
				25774DE129906BE300A7EC13 /* FirebaseMessaging */,
				25774DE329906BE300A7EC13 /* FirebaseStorage */,
				25774DE629906CEE00A7EC13 /* JGProgressHUD */,
			);
			productName = "Tinder Clone";
			productReference = 25664BAF2989966600D49135 /* Tinder Clone.app */;
			productType = "com.apple.product-type.application";
		};
/* End PBXNativeTarget section */

/* Begin PBXProject section */
		25664BA72989966600D49135 /* Project object */ = {
			isa = PBXProject;
			attributes = {
				BuildIndependentTargetsInParallel = 1;
				LastSwiftUpdateCheck = 1420;
				LastUpgradeCheck = 1420;
				TargetAttributes = {
					25664BAE2989966600D49135 = {
						CreatedOnToolsVersion = 14.2;
					};
				};
			};
			buildConfigurationList = 25664BAA2989966600D49135 /* Build configuration list for PBXProject "Tinder Clone" */;
			compatibilityVersion = "Xcode 14.0";
			developmentRegion = en;
			hasScannedForEncodings = 0;
			knownRegions = (
				en,
				Base,
			);
			mainGroup = 25664BA62989966600D49135;
			packageReferences = (
				25774DDC29906BE300A7EC13 /* XCRemoteSwiftPackageReference "firebase-ios-sdk" */,
				25774DE529906CEE00A7EC13 /* XCRemoteSwiftPackageReference "JGProgressHUD" */,
			);
			productRefGroup = 25664BB02989966600D49135 /* Products */;
			projectDirPath = "";
			projectRoot = "";
			targets = (
				25664BAE2989966600D49135 /* Tinder Clone */,
			);
		};
/* End PBXProject section */

/* Begin PBXResourcesBuildPhase section */
		25664BAD2989966600D49135 /* Resources */ = {
			isa = PBXResourcesBuildPhase;
			buildActionMask = 2147483647;
			files = (
				25664BBF2989966700D49135 /* LaunchScreen.storyboard in Resources */,
				25774DDB29906B6900A7EC13 /* GoogleService-Info.plist in Resources */,
				25664BBC2989966700D49135 /* Assets.xcassets in Resources */,
			);
			runOnlyForDeploymentPostprocessing = 0;
		};
/* End PBXResourcesBuildPhase section */

/* Begin PBXSourcesBuildPhase section */
		25664BAB2989966600D49135 /* Sources */ = {
			isa = PBXSourcesBuildPhase;
			buildActionMask = 2147483647;
			files = (
				25774DD9299052D200A7EC13 /* AuthenticationViewModel.swift in Sources */,
				25774D37298B050500A7EC13 /* LoginController.swift in Sources */,
				25774DEB2991852600A7EC13 /* Service.swift in Sources */,
				25774DEF2992FF3200A7EC13 /* SettingsController.swift in Sources */,
				25774D302989CE3600A7EC13 /* SwipeDirection.swift in Sources */,
				25774D2E2989A72600A7EC13 /* CardView.swift in Sources */,
				25664BD129899FD300D49135 /* BottomControlsStackView.swift in Sources */,
				25664BB72989966600D49135 /* HomeController.swift in Sources */,
				25774DED2992DC2E00A7EC13 /* Constants.swift in Sources */,
				25774D342989D31200A7EC13 /* CardViewModel.swift in Sources */,
				25664BB32989966600D49135 /* AppDelegate.swift in Sources */,
				25774D322989D20900A7EC13 /* User.swift in Sources */,
				25664BCF298998B400D49135 /* HomeNavigationStackView.swift in Sources */,
				25664BB52989966600D49135 /* SceneDelegate.swift in Sources */,
				25774D39298B050E00A7EC13 /* RegistrationController.swift in Sources */,
				25664BCD2989983600D49135 /* Extensions.swift in Sources */,
				25774DE92991851D00A7EC13 /* AuthService.swift in Sources */,
				25774DF12992FFD100A7EC13 /* MessagesController.swift in Sources */,
			);
			runOnlyForDeploymentPostprocessing = 0;
		};
/* End PBXSourcesBuildPhase section */

/* Begin PBXVariantGroup section */
		25664BBD2989966700D49135 /* LaunchScreen.storyboard */ = {
			isa = PBXVariantGroup;
			children = (
				25664BBE2989966700D49135 /* Base */,
			);
			name = LaunchScreen.storyboard;
			sourceTree = "<group>";
		};
/* End PBXVariantGroup section */

/* Begin XCBuildConfiguration section */
		25664BC12989966700D49135 /* Debug */ = {
			isa = XCBuildConfiguration;
			buildSettings = {
				ALWAYS_SEARCH_USER_PATHS = NO;
				CLANG_ANALYZER_NONNULL = YES;
				CLANG_ANALYZER_NUMBER_OBJECT_CONVERSION = YES_AGGRESSIVE;
				CLANG_CXX_LANGUAGE_STANDARD = "gnu++20";
				CLANG_ENABLE_MODULES = YES;
				CLANG_ENABLE_OBJC_ARC = YES;
				CLANG_ENABLE_OBJC_WEAK = YES;
				CLANG_WARN_BLOCK_CAPTURE_AUTORELEASING = YES;
				CLANG_WARN_BOOL_CONVERSION = YES;
				CLANG_WARN_COMMA = YES;
				CLANG_WARN_CONSTANT_CONVERSION = YES;
				CLANG_WARN_DEPRECATED_OBJC_IMPLEMENTATIONS = YES;
				CLANG_WARN_DIRECT_OBJC_ISA_USAGE = YES_ERROR;
				CLANG_WARN_DOCUMENTATION_COMMENTS = YES;
				CLANG_WARN_EMPTY_BODY = YES;
				CLANG_WARN_ENUM_CONVERSION = YES;
				CLANG_WARN_INFINITE_RECURSION = YES;
				CLANG_WARN_INT_CONVERSION = YES;
				CLANG_WARN_NON_LITERAL_NULL_CONVERSION = YES;
				CLANG_WARN_OBJC_IMPLICIT_RETAIN_SELF = YES;
				CLANG_WARN_OBJC_LITERAL_CONVERSION = YES;
				CLANG_WARN_OBJC_ROOT_CLASS = YES_ERROR;
				CLANG_WARN_QUOTED_INCLUDE_IN_FRAMEWORK_HEADER = YES;
				CLANG_WARN_RANGE_LOOP_ANALYSIS = YES;
				CLANG_WARN_STRICT_PROTOTYPES = YES;
				CLANG_WARN_SUSPICIOUS_MOVE = YES;
				CLANG_WARN_UNGUARDED_AVAILABILITY = YES_AGGRESSIVE;
				CLANG_WARN_UNREACHABLE_CODE = YES;
				CLANG_WARN__DUPLICATE_METHOD_MATCH = YES;
				COPY_PHASE_STRIP = NO;
				DEBUG_INFORMATION_FORMAT = dwarf;
				ENABLE_STRICT_OBJC_MSGSEND = YES;
				ENABLE_TESTABILITY = YES;
				GCC_C_LANGUAGE_STANDARD = gnu11;
				GCC_DYNAMIC_NO_PIC = NO;
				GCC_NO_COMMON_BLOCKS = YES;
				GCC_OPTIMIZATION_LEVEL = 0;
				GCC_PREPROCESSOR_DEFINITIONS = (
					"DEBUG=1",
					"$(inherited)",
				);
				GCC_WARN_64_TO_32_BIT_CONVERSION = YES;
				GCC_WARN_ABOUT_RETURN_TYPE = YES_ERROR;
				GCC_WARN_UNDECLARED_SELECTOR = YES;
				GCC_WARN_UNINITIALIZED_AUTOS = YES_AGGRESSIVE;
				GCC_WARN_UNUSED_FUNCTION = YES;
				GCC_WARN_UNUSED_VARIABLE = YES;
				IPHONEOS_DEPLOYMENT_TARGET = 16.2;
				MTL_ENABLE_DEBUG_INFO = INCLUDE_SOURCE;
				MTL_FAST_MATH = YES;
				ONLY_ACTIVE_ARCH = YES;
				SDKROOT = iphoneos;
				SWIFT_ACTIVE_COMPILATION_CONDITIONS = DEBUG;
				SWIFT_OPTIMIZATION_LEVEL = "-Onone";
			};
			name = Debug;
		};
		25664BC22989966700D49135 /* Release */ = {
			isa = XCBuildConfiguration;
			buildSettings = {
				ALWAYS_SEARCH_USER_PATHS = NO;
				CLANG_ANALYZER_NONNULL = YES;
				CLANG_ANALYZER_NUMBER_OBJECT_CONVERSION = YES_AGGRESSIVE;
				CLANG_CXX_LANGUAGE_STANDARD = "gnu++20";
				CLANG_ENABLE_MODULES = YES;
				CLANG_ENABLE_OBJC_ARC = YES;
				CLANG_ENABLE_OBJC_WEAK = YES;
				CLANG_WARN_BLOCK_CAPTURE_AUTORELEASING = YES;
				CLANG_WARN_BOOL_CONVERSION = YES;
				CLANG_WARN_COMMA = YES;
				CLANG_WARN_CONSTANT_CONVERSION = YES;
				CLANG_WARN_DEPRECATED_OBJC_IMPLEMENTATIONS = YES;
				CLANG_WARN_DIRECT_OBJC_ISA_USAGE = YES_ERROR;
				CLANG_WARN_DOCUMENTATION_COMMENTS = YES;
				CLANG_WARN_EMPTY_BODY = YES;
				CLANG_WARN_ENUM_CONVERSION = YES;
				CLANG_WARN_INFINITE_RECURSION = YES;
				CLANG_WARN_INT_CONVERSION = YES;
				CLANG_WARN_NON_LITERAL_NULL_CONVERSION = YES;
				CLANG_WARN_OBJC_IMPLICIT_RETAIN_SELF = YES;
				CLANG_WARN_OBJC_LITERAL_CONVERSION = YES;
				CLANG_WARN_OBJC_ROOT_CLASS = YES_ERROR;
				CLANG_WARN_QUOTED_INCLUDE_IN_FRAMEWORK_HEADER = YES;
				CLANG_WARN_RANGE_LOOP_ANALYSIS = YES;
				CLANG_WARN_STRICT_PROTOTYPES = YES;
				CLANG_WARN_SUSPICIOUS_MOVE = YES;
				CLANG_WARN_UNGUARDED_AVAILABILITY = YES_AGGRESSIVE;
				CLANG_WARN_UNREACHABLE_CODE = YES;
				CLANG_WARN__DUPLICATE_METHOD_MATCH = YES;
				COPY_PHASE_STRIP = NO;
				DEBUG_INFORMATION_FORMAT = "dwarf-with-dsym";
				ENABLE_NS_ASSERTIONS = NO;
				ENABLE_STRICT_OBJC_MSGSEND = YES;
				GCC_C_LANGUAGE_STANDARD = gnu11;
				GCC_NO_COMMON_BLOCKS = YES;
				GCC_WARN_64_TO_32_BIT_CONVERSION = YES;
				GCC_WARN_ABOUT_RETURN_TYPE = YES_ERROR;
				GCC_WARN_UNDECLARED_SELECTOR = YES;
				GCC_WARN_UNINITIALIZED_AUTOS = YES_AGGRESSIVE;
				GCC_WARN_UNUSED_FUNCTION = YES;
				GCC_WARN_UNUSED_VARIABLE = YES;
				IPHONEOS_DEPLOYMENT_TARGET = 16.2;
				MTL_ENABLE_DEBUG_INFO = NO;
				MTL_FAST_MATH = YES;
				SDKROOT = iphoneos;
				SWIFT_COMPILATION_MODE = wholemodule;
				SWIFT_OPTIMIZATION_LEVEL = "-O";
				VALIDATE_PRODUCT = YES;
			};
			name = Release;
		};
		25664BC42989966700D49135 /* Debug */ = {
			isa = XCBuildConfiguration;
			buildSettings = {
				ASSETCATALOG_COMPILER_APPICON_NAME = AppIcon;
				ASSETCATALOG_COMPILER_GLOBAL_ACCENT_COLOR_NAME = AccentColor;
				CODE_SIGN_STYLE = Automatic;
				CURRENT_PROJECT_VERSION = 1;
				DEVELOPMENT_TEAM = 7SA8N5B57Q;
				GENERATE_INFOPLIST_FILE = YES;
				INFOPLIST_FILE = "Tinder Clone/Info.plist";
				INFOPLIST_KEY_UIApplicationSupportsIndirectInputEvents = YES;
				INFOPLIST_KEY_UILaunchStoryboardName = LaunchScreen;
				INFOPLIST_KEY_UISupportedInterfaceOrientations_iPad = "UIInterfaceOrientationPortrait UIInterfaceOrientationPortraitUpsideDown UIInterfaceOrientationLandscapeLeft UIInterfaceOrientationLandscapeRight";
				INFOPLIST_KEY_UISupportedInterfaceOrientations_iPhone = "UIInterfaceOrientationPortrait UIInterfaceOrientationLandscapeLeft UIInterfaceOrientationLandscapeRight";
				LD_RUNPATH_SEARCH_PATHS = (
					"$(inherited)",
					"@executable_path/Frameworks",
				);
				MARKETING_VERSION = 1.0;
				PRODUCT_BUNDLE_IDENTIFIER = "com.aliapps.Tinder-Clone";
				PRODUCT_NAME = "$(TARGET_NAME)";
				SWIFT_EMIT_LOC_STRINGS = YES;
				SWIFT_VERSION = 5.0;
				TARGETED_DEVICE_FAMILY = "1,2";
			};
			name = Debug;
		};
		25664BC52989966700D49135 /* Release */ = {
			isa = XCBuildConfiguration;
			buildSettings = {
				ASSETCATALOG_COMPILER_APPICON_NAME = AppIcon;
				ASSETCATALOG_COMPILER_GLOBAL_ACCENT_COLOR_NAME = AccentColor;
				CODE_SIGN_STYLE = Automatic;
				CURRENT_PROJECT_VERSION = 1;
				DEVELOPMENT_TEAM = 7SA8N5B57Q;
				GENERATE_INFOPLIST_FILE = YES;
				INFOPLIST_FILE = "Tinder Clone/Info.plist";
				INFOPLIST_KEY_UIApplicationSupportsIndirectInputEvents = YES;
				INFOPLIST_KEY_UILaunchStoryboardName = LaunchScreen;
				INFOPLIST_KEY_UISupportedInterfaceOrientations_iPad = "UIInterfaceOrientationPortrait UIInterfaceOrientationPortraitUpsideDown UIInterfaceOrientationLandscapeLeft UIInterfaceOrientationLandscapeRight";
				INFOPLIST_KEY_UISupportedInterfaceOrientations_iPhone = "UIInterfaceOrientationPortrait UIInterfaceOrientationLandscapeLeft UIInterfaceOrientationLandscapeRight";
				LD_RUNPATH_SEARCH_PATHS = (
					"$(inherited)",
					"@executable_path/Frameworks",
				);
				MARKETING_VERSION = 1.0;
				PRODUCT_BUNDLE_IDENTIFIER = "com.aliapps.Tinder-Clone";
				PRODUCT_NAME = "$(TARGET_NAME)";
				SWIFT_EMIT_LOC_STRINGS = YES;
				SWIFT_VERSION = 5.0;
				TARGETED_DEVICE_FAMILY = "1,2";
			};
			name = Release;
		};
/* End XCBuildConfiguration section */

/* Begin XCConfigurationList section */
		25664BAA2989966600D49135 /* Build configuration list for PBXProject "Tinder Clone" */ = {
			isa = XCConfigurationList;
			buildConfigurations = (
				25664BC12989966700D49135 /* Debug */,
				25664BC22989966700D49135 /* Release */,
			);
			defaultConfigurationIsVisible = 0;
			defaultConfigurationName = Release;
		};
		25664BC32989966700D49135 /* Build configuration list for PBXNativeTarget "Tinder Clone" */ = {
			isa = XCConfigurationList;
			buildConfigurations = (
				25664BC42989966700D49135 /* Debug */,
				25664BC52989966700D49135 /* Release */,
			);
			defaultConfigurationIsVisible = 0;
			defaultConfigurationName = Release;
		};
/* End XCConfigurationList section */

/* Begin XCRemoteSwiftPackageReference section */
		25774DDC29906BE300A7EC13 /* XCRemoteSwiftPackageReference "firebase-ios-sdk" */ = {
			isa = XCRemoteSwiftPackageReference;
			repositoryURL = "https://github.com/firebase/firebase-ios-sdk";
			requirement = {
				kind = upToNextMajorVersion;
				minimumVersion = 9.0.0;
			};
		};
		25774DE529906CEE00A7EC13 /* XCRemoteSwiftPackageReference "JGProgressHUD" */ = {
			isa = XCRemoteSwiftPackageReference;
			repositoryURL = "https://github.com/JonasGessner/JGProgressHUD.git";
			requirement = {
				kind = upToNextMajorVersion;
				minimumVersion = 2.0.0;
			};
		};
/* End XCRemoteSwiftPackageReference section */

/* Begin XCSwiftPackageProductDependency section */
		25774DDD29906BE300A7EC13 /* FirebaseAuth */ = {
			isa = XCSwiftPackageProductDependency;
			package = 25774DDC29906BE300A7EC13 /* XCRemoteSwiftPackageReference "firebase-ios-sdk" */;
			productName = FirebaseAuth;
		};
		25774DDF29906BE300A7EC13 /* FirebaseFirestore */ = {
			isa = XCSwiftPackageProductDependency;
			package = 25774DDC29906BE300A7EC13 /* XCRemoteSwiftPackageReference "firebase-ios-sdk" */;
			productName = FirebaseFirestore;
		};
		25774DE129906BE300A7EC13 /* FirebaseMessaging */ = {
			isa = XCSwiftPackageProductDependency;
			package = 25774DDC29906BE300A7EC13 /* XCRemoteSwiftPackageReference "firebase-ios-sdk" */;
			productName = FirebaseMessaging;
		};
		25774DE329906BE300A7EC13 /* FirebaseStorage */ = {
			isa = XCSwiftPackageProductDependency;
			package = 25774DDC29906BE300A7EC13 /* XCRemoteSwiftPackageReference "firebase-ios-sdk" */;
			productName = FirebaseStorage;
		};
		25774DE629906CEE00A7EC13 /* JGProgressHUD */ = {
			isa = XCSwiftPackageProductDependency;
			package = 25774DE529906CEE00A7EC13 /* XCRemoteSwiftPackageReference "JGProgressHUD" */;
			productName = JGProgressHUD;
		};
/* End XCSwiftPackageProductDependency section */
	};
	rootObject = 25664BA72989966600D49135 /* Project object */;
}
